
Microsoft Visual Studio Solution File, Format Version 12.00
# Visual Studio Version 17
VisualStudioVersion = 17.11.35222.181
MinimumVisualStudioVersion = 10.0.40219.1
Project("{F184B08F-C81C-45F6-A57F-5ABD9991F28F}") = "CHINA_TOWN_RECEIPT", "CHINA_TOWN_RECEIPT.vbproj", "{F851DE3B-C05F-48D1-AC92-95BCA5D7BAB4}"
EndProject
Global
	GlobalSection(SolutionConfigurationPlatforms) = preSolution
		Debug|Any CPU = Debug|Any CPU
		Release|Any CPU = Release|Any CPU
	EndGlobalSection
	GlobalSection(ProjectConfigurationPlatforms) = postSolution
		{F851DE3B-C05F-48D1-AC92-95BCA5D7BAB4}.Debug|Any CPU.ActiveCfg = Debug|Any CPU
		{F851DE3B-C05F-48D1-AC92-95BCA5D7BAB4}.Debug|Any CPU.Build.0 = Debug|Any CPU
		{F851DE3B-C05F-48D1-AC92-95BCA5D7BAB4}.Release|Any CPU.ActiveCfg = Release|Any CPU
		{F851DE3B-C05F-48D1-AC92-95BCA5D7BAB4}.Release|Any CPU.Build.0 = Release|Any CPU
	EndGlobalSection
	GlobalSection(SolutionProperties) = preSolution
		HideSolutionNode = FALSE
	EndGlobalSection
	GlobalSection(ExtensibilityGlobals) = postSolution
		SolutionGuid = {7F198804-E426-4F1E-A073-1EF5FFBEBEBD}
	EndGlobalSection
EndGlobal
